
Microsoft Visual Studio Solution File, Format Version 12.00
Project("{FAE04EC0-301F-11D3-BF4B-00C04F79EFBC}") = "Basket.Api", "Basket.Api\Basket.Api.csproj", "{90D19BA6-F041-4546-8E75-BAD1B1144AF1}"
EndProject
Global
	GlobalSection(SolutionConfigurationPlatforms) = preSolution
		Debug|Any CPU = Debug|Any CPU
		Release|Any CPU = Release|Any CPU
	EndGlobalSection
	GlobalSection(ProjectConfigurationPlatforms) = postSolution
		{90D19BA6-F041-4546-8E75-BAD1B1144AF1}.Debug|Any CPU.ActiveCfg = Debug|Any CPU
		{90D19BA6-F041-4546-8E75-BAD1B1144AF1}.Debug|Any CPU.Build.0 = Debug|Any CPU
		{90D19BA6-F041-4546-8E75-BAD1B1144AF1}.Release|Any CPU.ActiveCfg = Release|Any CPU
		{90D19BA6-F041-4546-8E75-BAD1B1144AF1}.Release|Any CPU.Build.0 = Release|Any CPU
	EndGlobalSection
EndGlobal
